
Microsoft Visual Studio Solution File, Format Version 12.00
# Visual Studio Version 16
VisualStudioVersion = 16.0.30804.86
MinimumVisualStudioVersion = 10.0.40219.1
Project("{9A19103F-16F7-4668-BE54-9A1E7A4F7556}") = "CareerPortal", "CareerPortal\CareerPortal.csproj", "{D284AFE3-4D61-480D-8EF8-A4AAE7E4B90C}"
EndProject
Project("{9A19103F-16F7-4668-BE54-9A1E7A4F7556}") = "CareerPortal.DataAccess", "CareerPortal.DataAccess\CareerPortal.DataAccess.csproj", "{96D5313B-709D-4AFF-B6BF-AF62A9939606}"
EndProject
Project("{9A19103F-16F7-4668-BE54-9A1E7A4F7556}") = "CareerPortal.Models", "CareerPortal.Models\CareerPortal.Models.csproj", "{3A0D0925-AD92-4450-AD6E-8E8940F1F9AA}"
EndProject
Project("{9A19103F-16F7-4668-BE54-9A1E7A4F7556}") = "CareerPortal.Utilities", "Utilities\CareerPortal.Utilities.csproj", "{AC7450C7-DF48-4634-922D-65A75D193647}"
EndProject
Global
	GlobalSection(SolutionConfigurationPlatforms) = preSolution
		Debug|Any CPU = Debug|Any CPU
		Release|Any CPU = Release|Any CPU
	EndGlobalSection
	GlobalSection(ProjectConfigurationPlatforms) = postSolution
		{D284AFE3-4D61-480D-8EF8-A4AAE7E4B90C}.Debug|Any CPU.ActiveCfg = Debug|Any CPU
		{D284AFE3-4D61-480D-8EF8-A4AAE7E4B90C}.Debug|Any CPU.Build.0 = Debug|Any CPU
		{D284AFE3-4D61-480D-8EF8-A4AAE7E4B90C}.Release|Any CPU.ActiveCfg = Release|Any CPU
		{D284AFE3-4D61-480D-8EF8-A4AAE7E4B90C}.Release|Any CPU.Build.0 = Release|Any CPU
		{96D5313B-709D-4AFF-B6BF-AF62A9939606}.Debug|Any CPU.ActiveCfg = Debug|Any CPU
		{96D5313B-709D-4AFF-B6BF-AF62A9939606}.Debug|Any CPU.Build.0 = Debug|Any CPU
		{96D5313B-709D-4AFF-B6BF-AF62A9939606}.Release|Any CPU.ActiveCfg = Release|Any CPU
		{96D5313B-709D-4AFF-B6BF-AF62A9939606}.Release|Any CPU.Build.0 = Release|Any CPU
		{3A0D0925-AD92-4450-AD6E-8E8940F1F9AA}.Debug|Any CPU.ActiveCfg = Debug|Any CPU
		{3A0D0925-AD92-4450-AD6E-8E8940F1F9AA}.Debug|Any CPU.Build.0 = Debug|Any CPU
		{3A0D0925-AD92-4450-AD6E-8E8940F1F9AA}.Release|Any CPU.ActiveCfg = Release|Any CPU
		{3A0D0925-AD92-4450-AD6E-8E8940F1F9AA}.Release|Any CPU.Build.0 = Release|Any CPU
		{AC7450C7-DF48-4634-922D-65A75D193647}.Debug|Any CPU.ActiveCfg = Debug|Any CPU
		{AC7450C7-DF48-4634-922D-65A75D193647}.Debug|Any CPU.Build.0 = Debug|Any CPU
		{AC7450C7-DF48-4634-922D-65A75D193647}.Release|Any CPU.ActiveCfg = Release|Any CPU
		{AC7450C7-DF48-4634-922D-65A75D193647}.Release|Any CPU.Build.0 = Release|Any CPU
	EndGlobalSection
	GlobalSection(SolutionProperties) = preSolution
		HideSolutionNode = FALSE
	EndGlobalSection
	GlobalSection(ExtensibilityGlobals) = postSolution
		SolutionGuid = {8EDF05F2-32CA-46D6-A912-D8CB32C63934}
	EndGlobalSection
EndGlobal
